
Microsoft Visual Studio Solution File, Format Version 12.00
# Visual Studio Version 17
VisualStudioVersion = 17.3.32811.315
MinimumVisualStudioVersion = 10.0.40219.1
Project("{2150E333-8FDC-42A3-9474-1A3956D46DE8}") = "CLASE 1", "CLASE 1", "{42A38219-5E11-4024-95C5-CA22D4CFE15A}"
EndProject
Project("{2150E333-8FDC-42A3-9474-1A3956D46DE8}") = "EjercicioI01", "EjercicioI01", "{BDB56CE7-F8E6-428C-9734-4479916283C1}"
EndProject
Project("{2150E333-8FDC-42A3-9474-1A3956D46DE8}") = "EjercicioI02", "EjercicioI02", "{DF95D8E1-88D8-4B81-92B4-F35663D8F483}"
EndProject
Project("{2150E333-8FDC-42A3-9474-1A3956D46DE8}") = "EjercicioI03", "EjercicioI03", "{9EFA43DA-E47A-4CF9-916E-8BA908F9DC47}"
EndProject
Project("{2150E333-8FDC-42A3-9474-1A3956D46DE8}") = "EjercicioI04", "EjercicioI04", "{F912D867-2C70-4CC2-940C-9C40B5F11BB7}"
EndProject
Project("{2150E333-8FDC-42A3-9474-1A3956D46DE8}") = "EjercicioI05", "EjercicioI05", "{60F548F2-88E3-46AF-8512-FF0AF3238F66}"
EndProject
Project("{2150E333-8FDC-42A3-9474-1A3956D46DE8}") = "EjercicioI06", "EjercicioI06", "{3FD337DF-9F33-4070-8AD7-9B52502F1EDF}"
EndProject
Project("{2150E333-8FDC-42A3-9474-1A3956D46DE8}") = "EjercicioI07", "EjercicioI07", "{A4AAC473-30C5-4257-9DA8-82F3DCA8796A}"
EndProject
Project("{2150E333-8FDC-42A3-9474-1A3956D46DE8}") = "EjercicioI08", "EjercicioI08", "{5A5AE397-EA72-436C-B630-DE7A58D7E7E0}"
EndProject
Project("{2150E333-8FDC-42A3-9474-1A3956D46DE8}") = "EjercicioI09", "EjercicioI09", "{1C72A25E-79B6-4E44-A00E-C8A2CF267BB0}"
EndProject
Project("{FAE04EC0-301F-11D3-BF4B-00C04F79EFBC}") = "EjercicioI01", "EjercicioI01\EjercicioI01.csproj", "{003553F0-26DC-421E-B1FC-FCC133304D84}"
EndProject
Project("{FAE04EC0-301F-11D3-BF4B-00C04F79EFBC}") = "EjercicioI02", "EjercicioI02\EjercicioI02.csproj", "{7FC17A2D-C122-4E54-9B1E-81F6D6167B63}"
EndProject
Project("{FAE04EC0-301F-11D3-BF4B-00C04F79EFBC}") = "EjercicioI03", "EjercicioI03\EjercicioI03.csproj", "{C16BAD14-458A-482C-B1AF-96D8DE5CB8C9}"
EndProject
Project("{FAE04EC0-301F-11D3-BF4B-00C04F79EFBC}") = "EjercicioI04", "EjercicioI04\EjercicioI04.csproj", "{57ED7719-8270-4457-B9FD-F31B20949899}"
EndProject
Project("{FAE04EC0-301F-11D3-BF4B-00C04F79EFBC}") = "EjercicioI05", "EjercicioI05\EjercicioI05.csproj", "{217219FA-097D-46D7-88EF-094C35BAB753}"
EndProject
Project("{FAE04EC0-301F-11D3-BF4B-00C04F79EFBC}") = "EjercicioI06", "EjercicioI06\EjercicioI06.csproj", "{FDC1AB84-E055-4B25-B2AF-22F7E8A643D7}"
EndProject
Project("{FAE04EC0-301F-11D3-BF4B-00C04F79EFBC}") = "EjercicioI07", "EjercicioI07\EjercicioI07.csproj", "{2C8A7712-EDBD-4698-9360-7C28CFC3E495}"
EndProject
Project("{FAE04EC0-301F-11D3-BF4B-00C04F79EFBC}") = "EjercicioI08", "EjercicioI08\EjercicioI08.csproj", "{8A8869A4-4FAB-4A2B-B7BA-3C0CD9A44187}"
EndProject
Project("{FAE04EC0-301F-11D3-BF4B-00C04F79EFBC}") = "EjercicioI09", "EjercicioI09\EjercicioI09.csproj", "{D87AB727-0D40-4161-8EC9-E6590C65F3F3}"
EndProject
Project("{2150E333-8FDC-42A3-9474-1A3956D46DE8}") = "CLASE 2", "CLASE 2", "{1B81147F-050A-4380-9DE1-146E619F2E8A}"
EndProject
Project("{2150E333-8FDC-42A3-9474-1A3956D46DE8}") = "EjercicioI01v2", "EjercicioI01v2", "{90CA7FFB-C7A2-4AA5-AC5D-28B6A88BB50C}"
EndProject
Project("{FAE04EC0-301F-11D3-BF4B-00C04F79EFBC}") = "EjercicioI01v2", "EjercicioI01v2\EjercicioI01v2.csproj", "{CC1D7445-2FFD-47A8-A033-4D7F6FA82FD6}"
EndProject
Project("{2150E333-8FDC-42A3-9474-1A3956D46DE8}") = "EjercicioI02v2", "EjercicioI02v2", "{1CAA3811-D519-4EC3-9551-CC0669987412}"
EndProject
Project("{FAE04EC0-301F-11D3-BF4B-00C04F79EFBC}") = "EjercicioI02v2", "EjercicioI02v2\EjercicioI02v2.csproj", "{C56964E2-6CCC-45DD-B256-B4672557051D}"
EndProject
Project("{2150E333-8FDC-42A3-9474-1A3956D46DE8}") = "EjercicioI04v2", "EjercicioI04v2", "{20AD4A8D-48A1-4CF6-BC3D-70E00322980B}"
EndProject
Project("{FAE04EC0-301F-11D3-BF4B-00C04F79EFBC}") = "EjercicioI04v2", "EjercicioI04v2\EjercicioI04v2.csproj", "{4E10DE0A-A9A3-4500-86FC-A85CF56AFA6D}"
EndProject
Global
	GlobalSection(SolutionConfigurationPlatforms) = preSolution
		Debug|Any CPU = Debug|Any CPU
		Release|Any CPU = Release|Any CPU
	EndGlobalSection
	GlobalSection(ProjectConfigurationPlatforms) = postSolution
		{003553F0-26DC-421E-B1FC-FCC133304D84}.Debug|Any CPU.ActiveCfg = Debug|Any CPU
		{003553F0-26DC-421E-B1FC-FCC133304D84}.Debug|Any CPU.Build.0 = Debug|Any CPU
		{003553F0-26DC-421E-B1FC-FCC133304D84}.Release|Any CPU.ActiveCfg = Release|Any CPU
		{003553F0-26DC-421E-B1FC-FCC133304D84}.Release|Any CPU.Build.0 = Release|Any CPU
		{7FC17A2D-C122-4E54-9B1E-81F6D6167B63}.Debug|Any CPU.ActiveCfg = Debug|Any CPU
		{7FC17A2D-C122-4E54-9B1E-81F6D6167B63}.Debug|Any CPU.Build.0 = Debug|Any CPU
		{7FC17A2D-C122-4E54-9B1E-81F6D6167B63}.Release|Any CPU.ActiveCfg = Release|Any CPU
		{7FC17A2D-C122-4E54-9B1E-81F6D6167B63}.Release|Any CPU.Build.0 = Release|Any CPU
		{C16BAD14-458A-482C-B1AF-96D8DE5CB8C9}.Debug|Any CPU.ActiveCfg = Debug|Any CPU
		{C16BAD14-458A-482C-B1AF-96D8DE5CB8C9}.Debug|Any CPU.Build.0 = Debug|Any CPU
		{C16BAD14-458A-482C-B1AF-96D8DE5CB8C9}.Release|Any CPU.ActiveCfg = Release|Any CPU
		{C16BAD14-458A-482C-B1AF-96D8DE5CB8C9}.Release|Any CPU.Build.0 = Release|Any CPU
		{57ED7719-8270-4457-B9FD-F31B20949899}.Debug|Any CPU.ActiveCfg = Debug|Any CPU
		{57ED7719-8270-4457-B9FD-F31B20949899}.Debug|Any CPU.Build.0 = Debug|Any CPU
		{57ED7719-8270-4457-B9FD-F31B20949899}.Release|Any CPU.ActiveCfg = Release|Any CPU
		{57ED7719-8270-4457-B9FD-F31B20949899}.Release|Any CPU.Build.0 = Release|Any CPU
		{217219FA-097D-46D7-88EF-094C35BAB753}.Debug|Any CPU.ActiveCfg = Debug|Any CPU
		{217219FA-097D-46D7-88EF-094C35BAB753}.Debug|Any CPU.Build.0 = Debug|Any CPU
		{217219FA-097D-46D7-88EF-094C35BAB753}.Release|Any CPU.ActiveCfg = Release|Any CPU
		{217219FA-097D-46D7-88EF-094C35BAB753}.Release|Any CPU.Build.0 = Release|Any CPU
		{FDC1AB84-E055-4B25-B2AF-22F7E8A643D7}.Debug|Any CPU.ActiveCfg = Debug|Any CPU
		{FDC1AB84-E055-4B25-B2AF-22F7E8A643D7}.Debug|Any CPU.Build.0 = Debug|Any CPU
		{FDC1AB84-E055-4B25-B2AF-22F7E8A643D7}.Release|Any CPU.ActiveCfg = Release|Any CPU
		{FDC1AB84-E055-4B25-B2AF-22F7E8A643D7}.Release|Any CPU.Build.0 = Release|Any CPU
		{2C8A7712-EDBD-4698-9360-7C28CFC3E495}.Debug|Any CPU.ActiveCfg = Debug|Any CPU
		{2C8A7712-EDBD-4698-9360-7C28CFC3E495}.Debug|Any CPU.Build.0 = Debug|Any CPU
		{2C8A7712-EDBD-4698-9360-7C28CFC3E495}.Release|Any CPU.ActiveCfg = Release|Any CPU
		{2C8A7712-EDBD-4698-9360-7C28CFC3E495}.Release|Any CPU.Build.0 = Release|Any CPU
		{8A8869A4-4FAB-4A2B-B7BA-3C0CD9A44187}.Debug|Any CPU.ActiveCfg = Debug|Any CPU
		{8A8869A4-4FAB-4A2B-B7BA-3C0CD9A44187}.Debug|Any CPU.Build.0 = Debug|Any CPU
		{8A8869A4-4FAB-4A2B-B7BA-3C0CD9A44187}.Release|Any CPU.ActiveCfg = Release|Any CPU
		{8A8869A4-4FAB-4A2B-B7BA-3C0CD9A44187}.Release|Any CPU.Build.0 = Release|Any CPU
		{D87AB727-0D40-4161-8EC9-E6590C65F3F3}.Debug|Any CPU.ActiveCfg = Debug|Any CPU
		{D87AB727-0D40-4161-8EC9-E6590C65F3F3}.Debug|Any CPU.Build.0 = Debug|Any CPU
		{D87AB727-0D40-4161-8EC9-E6590C65F3F3}.Release|Any CPU.ActiveCfg = Release|Any CPU
		{D87AB727-0D40-4161-8EC9-E6590C65F3F3}.Release|Any CPU.Build.0 = Release|Any CPU
		{CC1D7445-2FFD-47A8-A033-4D7F6FA82FD6}.Debug|Any CPU.ActiveCfg = Debug|Any CPU
		{CC1D7445-2FFD-47A8-A033-4D7F6FA82FD6}.Debug|Any CPU.Build.0 = Debug|Any CPU
		{CC1D7445-2FFD-47A8-A033-4D7F6FA82FD6}.Release|Any CPU.ActiveCfg = Release|Any CPU
		{CC1D7445-2FFD-47A8-A033-4D7F6FA82FD6}.Release|Any CPU.Build.0 = Release|Any CPU
		{C56964E2-6CCC-45DD-B256-B4672557051D}.Debug|Any CPU.ActiveCfg = Debug|Any CPU
		{C56964E2-6CCC-45DD-B256-B4672557051D}.Debug|Any CPU.Build.0 = Debug|Any CPU
		{C56964E2-6CCC-45DD-B256-B4672557051D}.Release|Any CPU.ActiveCfg = Release|Any CPU
		{C56964E2-6CCC-45DD-B256-B4672557051D}.Release|Any CPU.Build.0 = Release|Any CPU
		{4E10DE0A-A9A3-4500-86FC-A85CF56AFA6D}.Debug|Any CPU.ActiveCfg = Debug|Any CPU
		{4E10DE0A-A9A3-4500-86FC-A85CF56AFA6D}.Debug|Any CPU.Build.0 = Debug|Any CPU
		{4E10DE0A-A9A3-4500-86FC-A85CF56AFA6D}.Release|Any CPU.ActiveCfg = Release|Any CPU
		{4E10DE0A-A9A3-4500-86FC-A85CF56AFA6D}.Release|Any CPU.Build.0 = Release|Any CPU
	EndGlobalSection
	GlobalSection(SolutionProperties) = preSolution
		HideSolutionNode = FALSE
	EndGlobalSection
	GlobalSection(NestedProjects) = preSolution
		{BDB56CE7-F8E6-428C-9734-4479916283C1} = {42A38219-5E11-4024-95C5-CA22D4CFE15A}
		{DF95D8E1-88D8-4B81-92B4-F35663D8F483} = {42A38219-5E11-4024-95C5-CA22D4CFE15A}
		{9EFA43DA-E47A-4CF9-916E-8BA908F9DC47} = {42A38219-5E11-4024-95C5-CA22D4CFE15A}
		{F912D867-2C70-4CC2-940C-9C40B5F11BB7} = {42A38219-5E11-4024-95C5-CA22D4CFE15A}
		{60F548F2-88E3-46AF-8512-FF0AF3238F66} = {42A38219-5E11-4024-95C5-CA22D4CFE15A}
		{3FD337DF-9F33-4070-8AD7-9B52502F1EDF} = {42A38219-5E11-4024-95C5-CA22D4CFE15A}
		{A4AAC473-30C5-4257-9DA8-82F3DCA8796A} = {42A38219-5E11-4024-95C5-CA22D4CFE15A}
		{5A5AE397-EA72-436C-B630-DE7A58D7E7E0} = {42A38219-5E11-4024-95C5-CA22D4CFE15A}
		{1C72A25E-79B6-4E44-A00E-C8A2CF267BB0} = {42A38219-5E11-4024-95C5-CA22D4CFE15A}
		{003553F0-26DC-421E-B1FC-FCC133304D84} = {BDB56CE7-F8E6-428C-9734-4479916283C1}
		{7FC17A2D-C122-4E54-9B1E-81F6D6167B63} = {DF95D8E1-88D8-4B81-92B4-F35663D8F483}
		{C16BAD14-458A-482C-B1AF-96D8DE5CB8C9} = {9EFA43DA-E47A-4CF9-916E-8BA908F9DC47}
		{57ED7719-8270-4457-B9FD-F31B20949899} = {F912D867-2C70-4CC2-940C-9C40B5F11BB7}
		{217219FA-097D-46D7-88EF-094C35BAB753} = {60F548F2-88E3-46AF-8512-FF0AF3238F66}
		{FDC1AB84-E055-4B25-B2AF-22F7E8A643D7} = {3FD337DF-9F33-4070-8AD7-9B52502F1EDF}
		{2C8A7712-EDBD-4698-9360-7C28CFC3E495} = {A4AAC473-30C5-4257-9DA8-82F3DCA8796A}
		{8A8869A4-4FAB-4A2B-B7BA-3C0CD9A44187} = {5A5AE397-EA72-436C-B630-DE7A58D7E7E0}
		{D87AB727-0D40-4161-8EC9-E6590C65F3F3} = {1C72A25E-79B6-4E44-A00E-C8A2CF267BB0}
		{90CA7FFB-C7A2-4AA5-AC5D-28B6A88BB50C} = {1B81147F-050A-4380-9DE1-146E619F2E8A}
		{CC1D7445-2FFD-47A8-A033-4D7F6FA82FD6} = {90CA7FFB-C7A2-4AA5-AC5D-28B6A88BB50C}
		{1CAA3811-D519-4EC3-9551-CC0669987412} = {1B81147F-050A-4380-9DE1-146E619F2E8A}
		{C56964E2-6CCC-45DD-B256-B4672557051D} = {1CAA3811-D519-4EC3-9551-CC0669987412}
		{20AD4A8D-48A1-4CF6-BC3D-70E00322980B} = {1B81147F-050A-4380-9DE1-146E619F2E8A}
		{4E10DE0A-A9A3-4500-86FC-A85CF56AFA6D} = {20AD4A8D-48A1-4CF6-BC3D-70E00322980B}
	EndGlobalSection
	GlobalSection(ExtensibilityGlobals) = postSolution
		SolutionGuid = {84A24E91-DF0B-44B5-AFBB-396515BB57FA}
	EndGlobalSection
EndGlobal
