
Microsoft Visual Studio Solution File, Format Version 12.00
# Visual Studio Version 17
VisualStudioVersion = 17.3.32811.315
MinimumVisualStudioVersion = 10.0.40219.1
Project("{2150E333-8FDC-42A3-9474-1A3956D46DE8}") = "Ejercicio2", "Ejercicio2", "{3B33513C-AEF8-437C-8C57-47C3D73894F4}"
EndProject
Project("{9A19103F-16F7-4668-BE54-9A1E7A4F7556}") = "Ejercicio2", "Ejercicio2\Ejercicio2.csproj", "{97C13CAF-617D-4573-A588-12EA39158E85}"
EndProject
Project("{2150E333-8FDC-42A3-9474-1A3956D46DE8}") = "Ejercicio3", "Ejercicio3", "{55999042-2D6D-4241-B255-BAACD8C91541}"
EndProject
Project("{9A19103F-16F7-4668-BE54-9A1E7A4F7556}") = "Ejercicio3", "Ejercicio3\Ejercicio3.csproj", "{F77D6CCA-4AA6-45E0-AC89-09C0D0C4D709}"
EndProject
Project("{2150E333-8FDC-42A3-9474-1A3956D46DE8}") = "Ejercicio1", "Ejercicio1", "{F4E973B8-308D-4432-BA5D-54575841AC7A}"
EndProject
Project("{FAE04EC0-301F-11D3-BF4B-00C04F79EFBC}") = "Ejercicio1", "Ejercicio1\Ejercicio1.csproj", "{FAA7A5F9-1D86-4910-BD16-93FF4BFA3AFE}"
EndProject
Project("{2150E333-8FDC-42A3-9474-1A3956D46DE8}") = "EjercicioI01", "EjercicioI01", "{02ABDC88-E9B6-4687-A0FB-7F58A44AFA8E}"
EndProject
Project("{FAE04EC0-301F-11D3-BF4B-00C04F79EFBC}") = "EjercicioI01", "EjercicioI01\EjercicioI01.csproj", "{834F0093-C679-41EF-9651-191844E066E2}"
EndProject
Project("{2150E333-8FDC-42A3-9474-1A3956D46DE8}") = "EjercicioI02", "EjercicioI02", "{C8A1DC4A-3A2B-4301-B365-194C2BAC6125}"
EndProject
Project("{FAE04EC0-301F-11D3-BF4B-00C04F79EFBC}") = "EjercicioI02", "EjercicioI02\EjercicioI02.csproj", "{01A2CFA6-42A2-4855-97F0-3FBC8E88BE6E}"
EndProject
Global
	GlobalSection(SolutionConfigurationPlatforms) = preSolution
		Debug|Any CPU = Debug|Any CPU
		Release|Any CPU = Release|Any CPU
	EndGlobalSection
	GlobalSection(ProjectConfigurationPlatforms) = postSolution
		{97C13CAF-617D-4573-A588-12EA39158E85}.Debug|Any CPU.ActiveCfg = Debug|Any CPU
		{97C13CAF-617D-4573-A588-12EA39158E85}.Debug|Any CPU.Build.0 = Debug|Any CPU
		{97C13CAF-617D-4573-A588-12EA39158E85}.Release|Any CPU.ActiveCfg = Release|Any CPU
		{97C13CAF-617D-4573-A588-12EA39158E85}.Release|Any CPU.Build.0 = Release|Any CPU
		{F77D6CCA-4AA6-45E0-AC89-09C0D0C4D709}.Debug|Any CPU.ActiveCfg = Debug|Any CPU
		{F77D6CCA-4AA6-45E0-AC89-09C0D0C4D709}.Debug|Any CPU.Build.0 = Debug|Any CPU
		{F77D6CCA-4AA6-45E0-AC89-09C0D0C4D709}.Release|Any CPU.ActiveCfg = Release|Any CPU
		{F77D6CCA-4AA6-45E0-AC89-09C0D0C4D709}.Release|Any CPU.Build.0 = Release|Any CPU
		{FAA7A5F9-1D86-4910-BD16-93FF4BFA3AFE}.Debug|Any CPU.ActiveCfg = Debug|Any CPU
		{FAA7A5F9-1D86-4910-BD16-93FF4BFA3AFE}.Debug|Any CPU.Build.0 = Debug|Any CPU
		{FAA7A5F9-1D86-4910-BD16-93FF4BFA3AFE}.Release|Any CPU.ActiveCfg = Release|Any CPU
		{FAA7A5F9-1D86-4910-BD16-93FF4BFA3AFE}.Release|Any CPU.Build.0 = Release|Any CPU
		{834F0093-C679-41EF-9651-191844E066E2}.Debug|Any CPU.ActiveCfg = Debug|Any CPU
		{834F0093-C679-41EF-9651-191844E066E2}.Debug|Any CPU.Build.0 = Debug|Any CPU
		{834F0093-C679-41EF-9651-191844E066E2}.Release|Any CPU.ActiveCfg = Release|Any CPU
		{834F0093-C679-41EF-9651-191844E066E2}.Release|Any CPU.Build.0 = Release|Any CPU
		{01A2CFA6-42A2-4855-97F0-3FBC8E88BE6E}.Debug|Any CPU.ActiveCfg = Debug|Any CPU
		{01A2CFA6-42A2-4855-97F0-3FBC8E88BE6E}.Debug|Any CPU.Build.0 = Debug|Any CPU
		{01A2CFA6-42A2-4855-97F0-3FBC8E88BE6E}.Release|Any CPU.ActiveCfg = Release|Any CPU
		{01A2CFA6-42A2-4855-97F0-3FBC8E88BE6E}.Release|Any CPU.Build.0 = Release|Any CPU
	EndGlobalSection
	GlobalSection(SolutionProperties) = preSolution
		HideSolutionNode = FALSE
	EndGlobalSection
	GlobalSection(NestedProjects) = preSolution
		{97C13CAF-617D-4573-A588-12EA39158E85} = {3B33513C-AEF8-437C-8C57-47C3D73894F4}
		{F77D6CCA-4AA6-45E0-AC89-09C0D0C4D709} = {55999042-2D6D-4241-B255-BAACD8C91541}
		{FAA7A5F9-1D86-4910-BD16-93FF4BFA3AFE} = {F4E973B8-308D-4432-BA5D-54575841AC7A}
		{834F0093-C679-41EF-9651-191844E066E2} = {02ABDC88-E9B6-4687-A0FB-7F58A44AFA8E}
		{01A2CFA6-42A2-4855-97F0-3FBC8E88BE6E} = {C8A1DC4A-3A2B-4301-B365-194C2BAC6125}
	EndGlobalSection
	GlobalSection(ExtensibilityGlobals) = postSolution
		SolutionGuid = {46734B62-8026-4F9F-A434-693BC28CDF62}
	EndGlobalSection
EndGlobal
