
Microsoft Visual Studio Solution File, Format Version 12.00
# Visual Studio Version 17
VisualStudioVersion = 17.3.32811.315
MinimumVisualStudioVersion = 10.0.40219.1
Project("{FAE04EC0-301F-11D3-BF4B-00C04F79EFBC}") = "Ejercitacion", "Ejercitacion\Ejercitacion.csproj", "{4E21BDD0-1F1D-43DD-8CE8-94106C456967}"
EndProject
Project("{2150E333-8FDC-42A3-9474-1A3956D46DE8}") = "Clase1", "Clase1", "{BC30A7E9-AAD5-4508-B9B5-CF889A00C971}"
EndProject
Project("{2150E333-8FDC-42A3-9474-1A3956D46DE8}") = "Ejercicio2", "Ejercicio2", "{3B33513C-AEF8-437C-8C57-47C3D73894F4}"
EndProject
Project("{FAE04EC0-301F-11D3-BF4B-00C04F79EFBC}") = "Ejercicio2", "Ejercicio2\Ejercicio2.csproj", "{97C13CAF-617D-4573-A588-12EA39158E85}"
EndProject
Global
	GlobalSection(SolutionConfigurationPlatforms) = preSolution
		Debug|Any CPU = Debug|Any CPU
		Release|Any CPU = Release|Any CPU
	EndGlobalSection
	GlobalSection(ProjectConfigurationPlatforms) = postSolution
		{4E21BDD0-1F1D-43DD-8CE8-94106C456967}.Debug|Any CPU.ActiveCfg = Debug|Any CPU
		{4E21BDD0-1F1D-43DD-8CE8-94106C456967}.Debug|Any CPU.Build.0 = Debug|Any CPU
		{4E21BDD0-1F1D-43DD-8CE8-94106C456967}.Release|Any CPU.ActiveCfg = Release|Any CPU
		{4E21BDD0-1F1D-43DD-8CE8-94106C456967}.Release|Any CPU.Build.0 = Release|Any CPU
		{97C13CAF-617D-4573-A588-12EA39158E85}.Debug|Any CPU.ActiveCfg = Debug|Any CPU
		{97C13CAF-617D-4573-A588-12EA39158E85}.Debug|Any CPU.Build.0 = Debug|Any CPU
		{97C13CAF-617D-4573-A588-12EA39158E85}.Release|Any CPU.ActiveCfg = Release|Any CPU
		{97C13CAF-617D-4573-A588-12EA39158E85}.Release|Any CPU.Build.0 = Release|Any CPU
	EndGlobalSection
	GlobalSection(SolutionProperties) = preSolution
		HideSolutionNode = FALSE
	EndGlobalSection
	GlobalSection(NestedProjects) = preSolution
		{4E21BDD0-1F1D-43DD-8CE8-94106C456967} = {BC30A7E9-AAD5-4508-B9B5-CF889A00C971}
		{97C13CAF-617D-4573-A588-12EA39158E85} = {3B33513C-AEF8-437C-8C57-47C3D73894F4}
	EndGlobalSection
	GlobalSection(ExtensibilityGlobals) = postSolution
		SolutionGuid = {46734B62-8026-4F9F-A434-693BC28CDF62}
	EndGlobalSection
EndGlobal
